
Microsoft Visual Studio Solution File, Format Version 12.00
# Visual Studio Version 17
VisualStudioVersion = 17.12.35527.113 d17.12
MinimumVisualStudioVersion = 10.0.40219.1
Project("{FAE04EC0-301F-11D3-BF4B-00C04F79EFBC}") = "EntityFramworkCode", "EntityFramworkCode\EntityFramworkCode.csproj", "{DADA6FA6-6BA1-4812-82A3-2854D98C5DCE}"
EndProject
Global
	GlobalSection(SolutionConfigurationPlatforms) = preSolution
		Debug|Any CPU = Debug|Any CPU
		Release|Any CPU = Release|Any CPU
	EndGlobalSection
	GlobalSection(ProjectConfigurationPlatforms) = postSolution
		{DADA6FA6-6BA1-4812-82A3-2854D98C5DCE}.Debug|Any CPU.ActiveCfg = Debug|Any CPU
		{DADA6FA6-6BA1-4812-82A3-2854D98C5DCE}.Debug|Any CPU.Build.0 = Debug|Any CPU
		{DADA6FA6-6BA1-4812-82A3-2854D98C5DCE}.Release|Any CPU.ActiveCfg = Release|Any CPU
		{DADA6FA6-6BA1-4812-82A3-2854D98C5DCE}.Release|Any CPU.Build.0 = Release|Any CPU
	EndGlobalSection
	GlobalSection(SolutionProperties) = preSolution
		HideSolutionNode = FALSE
	EndGlobalSection
EndGlobal
